
Microsoft Visual Studio Solution File, Format Version 12.00
# Visual Studio 15
VisualStudioVersion = 15.0.28307.572
MinimumVisualStudioVersion = 10.0.40219.1
Project("{FAE04EC0-301F-11D3-BF4B-00C04F79EFBC}") = "matematica_superior", "matematica_superior\matematica_superior.csproj", "{517D0830-6DCD-438E-A7C8-5D8BA5F43408}"
EndProject
Global
	GlobalSection(SolutionConfigurationPlatforms) = preSolution
		Debug|Any CPU = Debug|Any CPU
		Release|Any CPU = Release|Any CPU
	EndGlobalSection
	GlobalSection(ProjectConfigurationPlatforms) = postSolution
		{517D0830-6DCD-438E-A7C8-5D8BA5F43408}.Debug|Any CPU.ActiveCfg = Debug|Any CPU
		{517D0830-6DCD-438E-A7C8-5D8BA5F43408}.Debug|Any CPU.Build.0 = Debug|Any CPU
		{517D0830-6DCD-438E-A7C8-5D8BA5F43408}.Release|Any CPU.ActiveCfg = Release|Any CPU
		{517D0830-6DCD-438E-A7C8-5D8BA5F43408}.Release|Any CPU.Build.0 = Release|Any CPU
	EndGlobalSection
	GlobalSection(SolutionProperties) = preSolution
		HideSolutionNode = FALSE
	EndGlobalSection
	GlobalSection(ExtensibilityGlobals) = postSolution
		SolutionGuid = {9DF94E7A-5E62-4C41-90F5-DCB5A3CC0021}
	EndGlobalSection
EndGlobal
